
Microsoft Visual Studio Solution File, Format Version 12.00
# Visual Studio 15
VisualStudioVersion = 15.0.27130.2020
MinimumVisualStudioVersion = 10.0.40219.1
Project("{FAE04EC0-301F-11D3-BF4B-00C04F79EFBC}") = "01.SortEvenNumbers", "01.SortEvenNumbers\01.SortEvenNumbers.csproj", "{867073D6-12B0-4D71-B00D-A65FE9771BD4}"
EndProject
Project("{FAE04EC0-301F-11D3-BF4B-00C04F79EFBC}") = "02.SumNumbers", "02.SumNumbers\02.SumNumbers.csproj", "{F434A81D-99AC-4977-B396-90231BCDECD5}"
EndProject
Project("{FAE04EC0-301F-11D3-BF4B-00C04F79EFBC}") = "03.CountUpperCaseWords", "03.CountUpperCaseWords\03.CountUpperCaseWords.csproj", "{62723641-84C4-4ABB-B442-1605C2AA161F}"
EndProject
Project("{FAE04EC0-301F-11D3-BF4B-00C04F79EFBC}") = "04.AddVAT", "04.AddVAT\04.AddVAT.csproj", "{EE05200B-978A-482E-8103-CC7095DFC34B}"
EndProject
Project("{FAE04EC0-301F-11D3-BF4B-00C04F79EFBC}") = "05.FilterByAge", "05.FilterByAge\05.FilterByAge.csproj", "{EFCF8ABF-87FE-4E15-BA94-6843F718F4B8}"
EndProject
Global
	GlobalSection(SolutionConfigurationPlatforms) = preSolution
		Debug|Any CPU = Debug|Any CPU
		Release|Any CPU = Release|Any CPU
	EndGlobalSection
	GlobalSection(ProjectConfigurationPlatforms) = postSolution
		{867073D6-12B0-4D71-B00D-A65FE9771BD4}.Debug|Any CPU.ActiveCfg = Debug|Any CPU
		{867073D6-12B0-4D71-B00D-A65FE9771BD4}.Debug|Any CPU.Build.0 = Debug|Any CPU
		{867073D6-12B0-4D71-B00D-A65FE9771BD4}.Release|Any CPU.ActiveCfg = Release|Any CPU
		{867073D6-12B0-4D71-B00D-A65FE9771BD4}.Release|Any CPU.Build.0 = Release|Any CPU
		{F434A81D-99AC-4977-B396-90231BCDECD5}.Debug|Any CPU.ActiveCfg = Debug|Any CPU
		{F434A81D-99AC-4977-B396-90231BCDECD5}.Debug|Any CPU.Build.0 = Debug|Any CPU
		{F434A81D-99AC-4977-B396-90231BCDECD5}.Release|Any CPU.ActiveCfg = Release|Any CPU
		{F434A81D-99AC-4977-B396-90231BCDECD5}.Release|Any CPU.Build.0 = Release|Any CPU
		{62723641-84C4-4ABB-B442-1605C2AA161F}.Debug|Any CPU.ActiveCfg = Debug|Any CPU
		{62723641-84C4-4ABB-B442-1605C2AA161F}.Debug|Any CPU.Build.0 = Debug|Any CPU
		{62723641-84C4-4ABB-B442-1605C2AA161F}.Release|Any CPU.ActiveCfg = Release|Any CPU
		{62723641-84C4-4ABB-B442-1605C2AA161F}.Release|Any CPU.Build.0 = Release|Any CPU
		{EE05200B-978A-482E-8103-CC7095DFC34B}.Debug|Any CPU.ActiveCfg = Debug|Any CPU
		{EE05200B-978A-482E-8103-CC7095DFC34B}.Debug|Any CPU.Build.0 = Debug|Any CPU
		{EE05200B-978A-482E-8103-CC7095DFC34B}.Release|Any CPU.ActiveCfg = Release|Any CPU
		{EE05200B-978A-482E-8103-CC7095DFC34B}.Release|Any CPU.Build.0 = Release|Any CPU
		{EFCF8ABF-87FE-4E15-BA94-6843F718F4B8}.Debug|Any CPU.ActiveCfg = Debug|Any CPU
		{EFCF8ABF-87FE-4E15-BA94-6843F718F4B8}.Debug|Any CPU.Build.0 = Debug|Any CPU
		{EFCF8ABF-87FE-4E15-BA94-6843F718F4B8}.Release|Any CPU.ActiveCfg = Release|Any CPU
		{EFCF8ABF-87FE-4E15-BA94-6843F718F4B8}.Release|Any CPU.Build.0 = Release|Any CPU
	EndGlobalSection
	GlobalSection(SolutionProperties) = preSolution
		HideSolutionNode = FALSE
	EndGlobalSection
	GlobalSection(ExtensibilityGlobals) = postSolution
		SolutionGuid = {C2BE754D-C669-44E6-8C7F-D992FD5F9FA5}
	EndGlobalSection
EndGlobal
